
Microsoft Visual Studio Solution File, Format Version 12.00
# Visual Studio Version 17
VisualStudioVersion = 17.6.33723.286
MinimumVisualStudioVersion = 10.0.40219.1
Project("{9A19103F-16F7-4668-BE54-9A1E7A4F7556}") = "CurrencyConverterAPI", "CurrencyConverterAPI.csproj", "{27A7DF34-21FD-401B-809D-AE10B17517DF}"
EndProject
Global
	GlobalSection(SolutionConfigurationPlatforms) = preSolution
		Debug|Any CPU = Debug|Any CPU
		Release|Any CPU = Release|Any CPU
	EndGlobalSection
	GlobalSection(ProjectConfigurationPlatforms) = postSolution
		{27A7DF34-21FD-401B-809D-AE10B17517DF}.Debug|Any CPU.ActiveCfg = Debug|Any CPU
		{27A7DF34-21FD-401B-809D-AE10B17517DF}.Debug|Any CPU.Build.0 = Debug|Any CPU
		{27A7DF34-21FD-401B-809D-AE10B17517DF}.Release|Any CPU.ActiveCfg = Release|Any CPU
		{27A7DF34-21FD-401B-809D-AE10B17517DF}.Release|Any CPU.Build.0 = Release|Any CPU
	EndGlobalSection
	GlobalSection(SolutionProperties) = preSolution
		HideSolutionNode = FALSE
	EndGlobalSection
	GlobalSection(ExtensibilityGlobals) = postSolution
		SolutionGuid = {2A01D42C-DA58-47A7-B52D-D6CB70FB2B27}
	EndGlobalSection
EndGlobal
